
Microsoft Visual Studio Solution File, Format Version 12.00
# Visual Studio Version 17
VisualStudioVersion = 17.10.35013.160
MinimumVisualStudioVersion = 10.0.40219.1
Project("{FAE04EC0-301F-11D3-BF4B-00C04F79EFBC}") = "web api 3", "web api 3\web api 3.csproj", "{C7B01000-9D77-460A-BABF-C3A2A73985C8}"
EndProject
Global
	GlobalSection(SolutionConfigurationPlatforms) = preSolution
		Debug|Any CPU = Debug|Any CPU
		Release|Any CPU = Release|Any CPU
	EndGlobalSection
	GlobalSection(ProjectConfigurationPlatforms) = postSolution
		{C7B01000-9D77-460A-BABF-C3A2A73985C8}.Debug|Any CPU.ActiveCfg = Debug|Any CPU
		{C7B01000-9D77-460A-BABF-C3A2A73985C8}.Debug|Any CPU.Build.0 = Debug|Any CPU
		{C7B01000-9D77-460A-BABF-C3A2A73985C8}.Release|Any CPU.ActiveCfg = Release|Any CPU
		{C7B01000-9D77-460A-BABF-C3A2A73985C8}.Release|Any CPU.Build.0 = Release|Any CPU
	EndGlobalSection
	GlobalSection(SolutionProperties) = preSolution
		HideSolutionNode = FALSE
	EndGlobalSection
	GlobalSection(ExtensibilityGlobals) = postSolution
		SolutionGuid = {BA47F872-833B-4310-A30C-D13B4A65B01D}
	EndGlobalSection
EndGlobal
